hash: 8ce482b2ca792c0c7635b56e3a219a74be6a515401c949b3d9f63ad1a6f91025
updated: 2016-06-22T10:23:11.173150851+09:00
imports:
- name: golang.org/x/net
  version: bc3663df0ac92f928d419e31e0d2af22e683a5a2
  subpackages:
  - context
- name: gopkg.in/xmlpath.v2
  version: 860cbeca3ebcc600db0b213c0e83ad6ce91f5739
testImports: []
