hash: 375632c946d55de8f61fd4afa4ce300b9273df7a19876985f8e93669deb45f93
updated: 2016-07-03T22:32:03.475566866+09:00
imports:
- name: bitbucket.org/liamstask/goose
  version: 8488cc47d90c8a502b1c41a462a6d9cc8ee0a895
  subpackages:
  - cmd/goose
- name: github.com/cespare/reflex
  version: d99c749bd424bf5fb5f63229f0cb4baffdc81f9d
- name: github.com/davecgh/go-spew
  version: 5215b55f46b2b919f50a1df0eaa5886afe4e3b3d
  subpackages:
  - spew
- name: github.com/go-sql-driver/mysql
  version: 3654d25ec346ee8ce71a68431025458d52a38ac0
- name: github.com/golang/protobuf
  version: 3852dcfda249c2097355a6aabb199a28d97b30df
  subpackages:
  - proto
- name: github.com/jinzhu/gorm
  version: c1c4f9f86e732a042aac9f37e025893d6d6cabec
  subpackages:
  - dialects/mysql
- name: github.com/jinzhu/inflection
  version: 8f4d3a0d04ce0b7c0cf3126fb98524246d00d102
- name: github.com/oinume/goenum
  version: 4c1a12f41a936d82ec76c27f109b742d2d0f08e9
- name: github.com/stretchr/testify
  version: d77da356e56a7428ad25149ca77381849a6a5232
  subpackages:
  - assert
  - mock
- name: github.com/uber-go/atomic
  version: e682c1008ac17bf26d2e4b5ad6cdd08520ed0b22
- name: github.com/uber-go/zap
  version: 469a1280b2b59c39f5aed25f9b823f00c6fd3e16
- name: goji.io
  version: e355964ac565b94cf0fc7f218346626529125086
  subpackages:
  - pat
  - internal
  - pattern
- name: golang.org/x/net
  version: b400c2eff1badec7022a8c8f5bea058b6315eed7
  subpackages:
  - context
  - html
  - html/atom
  - context/ctxhttp
- name: golang.org/x/oauth2
  version: df5b72659a3b1789a345ea643bb7c28442681652
  subpackages:
  - google
  - internal
  - jws
  - jwt
- name: google.golang.org/api
  version: 57212573ccf9e4f69f4caa0336831697e29adcd6
  subpackages:
  - oauth2/v2
- name: google.golang.org/appengine
  version: 267c27e7492265b84fc6719503b14a1e17975d79
  subpackages:
  - urlfetch
  - internal
  - internal/urlfetch
  - internal/app_identity
  - internal/modules
  - internal/base
  - internal/datastore
  - internal/log
  - internal/remote_api
- name: google.golang.org/cloud
  version: ebfe3819c9ab4acaf086ae57e4cbd7dee683baf0
  subpackages:
  - compute/metadata
  - internal
- name: gopkg.in/xmlpath.v2
  version: 860cbeca3ebcc600db0b213c0e83ad6ce91f5739
devImports: []
