hash: d777b2228124992ca1efd5cdeff654dd9d5e092ca5e3bb29984dd0229175c449
updated: 2016-06-29T00:42:05.772001387+09:00
imports:
- name: bitbucket.org/liamstask/goose
  version: 8488cc47d90c8a502b1c41a462a6d9cc8ee0a895
  subpackages:
  - cmd/goose
- name: github.com/cespare/reflex
  version: d99c749bd424bf5fb5f63229f0cb4baffdc81f9d
- name: github.com/go-sql-driver/mysql
  version: 3654d25ec346ee8ce71a68431025458d52a38ac0
- name: github.com/golang/protobuf
  version: 0c1f6d65b5a189c2250d10e71a5506f06f9fa0a0
  subpackages:
  - proto
- name: github.com/jinzhu/gorm
  version: 321d10b67b7218c5cf3bebc0c01fc8c4536c2bc7
  subpackages:
  - dialects/mysql
- name: github.com/jinzhu/inflection
  version: 8f4d3a0d04ce0b7c0cf3126fb98524246d00d102
- name: github.com/stretchr/testify
  version: d77da356e56a7428ad25149ca77381849a6a5232
  subpackages:
  - assert
  - mock
- name: goji.io
  version: e355964ac565b94cf0fc7f218346626529125086
  subpackages:
  - pat
  - internal
  - pattern
- name: golang.org/x/net
  version: bc3663df0ac92f928d419e31e0d2af22e683a5a2
  subpackages:
  - context
  - html
  - html/atom
  - context/ctxhttp
- name: golang.org/x/oauth2
  version: 65a8d08c6292395d47053be10b3c5e91960def76
  subpackages:
  - google
  - internal
  - jws
  - jwt
- name: google.golang.org/appengine
  version: 267c27e7492265b84fc6719503b14a1e17975d79
  subpackages:
  - urlfetch
  - internal
  - internal/urlfetch
  - internal/app_identity
  - internal/modules
  - internal/base
  - internal/datastore
  - internal/log
  - internal/remote_api
- name: google.golang.org/cloud
  version: a4c7c3139dc2772ad6c3bb73d0a9236a79063f8c
  subpackages:
  - compute/metadata
  - internal
- name: gopkg.in/xmlpath.v2
  version: 860cbeca3ebcc600db0b213c0e83ad6ce91f5739
devImports: []
