# This file is autogenerated, do not edit; changes may be undone by the next 'dep ensure'.


[[projects]]
  digest = "1:8b95956b70e181b19025c7ba3578fdfd8efbec4ce916490700488afb9218972c"
  name = "cloud.google.com/go"
  packages = [
    "compute/metadata",
    "iam",
    "internal",
    "internal/optional",
    "internal/trace",
    "internal/version",
    "profiler",
    "storage",
  ]
  pruneopts = ""
  revision = "64a2037ec6be8a4b0c1d1f706ed35b428b989239"
  version = "v0.26.0"

[[projects]]
  branch = "master"
  digest = "1:ea8760c601465cd2beed7766be29c1f8420be3623efdff4ccc2167a3154959d1"
  name = "github.com/Songmu/retry"
  packages = ["."]
  pruneopts = ""
  revision = "902aa877ec14b4d10b9db5c8caf81a111cf0680e"

[[projects]]
  digest = "1:0deddd908b6b4b768cfc272c16ee61e7088a60f7fe2f06c547bd3d8e1f8b8e77"
  name = "github.com/davecgh/go-spew"
  packages = ["spew"]
  pruneopts = ""
  revision = "8991bc29aa16c548c550c7ff78260e27b9ab7c73"
  version = "v1.1.1"

[[projects]]
  digest = "1:467297b87f09684ce7650f2a074a05c13f91e91519606dacbb2170750b1128c0"
  name = "github.com/fukata/golang-stats-api-handler"
  packages = ["."]
  pruneopts = ""
  revision = "90f0b59102629831cc109845475a8d77043412ec"
  version = "v1.0.0"

[[projects]]
  branch = "master"
  digest = "1:6aa407f12070186caacc7a9d1f2407b44c9c6f797dde275b19bb2dbae987ab7a"
  name = "github.com/go-sql-driver/mysql"
  packages = ["."]
  pruneopts = ""
  revision = "c45f530f8e7fe40f4687eaa50d0c8c5f1b66f9e0"

[[projects]]
  digest = "1:3dd078fda7500c341bc26cfbc6c6a34614f295a2457149fc1045cab767cbcf18"
  name = "github.com/golang/protobuf"
  packages = [
    "jsonpb",
    "proto",
    "protoc-gen-go/descriptor",
    "ptypes",
    "ptypes/any",
    "ptypes/duration",
    "ptypes/struct",
    "ptypes/timestamp",
  ]
  pruneopts = ""
  revision = "aa810b61a9c79d51363740d207bb46cf8e620ed5"
  version = "v1.2.0"

[[projects]]
  branch = "master"
  digest = "1:9d1e2b639a1c9e68577d8ae65209c58959da62e14984506eca400653041c6a38"
  name = "github.com/google/pprof"
  packages = ["profile"]
  pruneopts = ""
  revision = "e84dfd68c163c45ea47aa24b3dc7eaa93f6675b1"

[[projects]]
  branch = "master"
  digest = "1:a25a2c5ae694b01713fb6cd03c3b1ac1ccc1902b9f0a922680a88ec254f968e1"
  name = "github.com/google/uuid"
  packages = ["."]
  pruneopts = ""
  revision = "9b3b1e0f5f99ae461456d768e7d301a7acdaa2d8"

[[projects]]
  digest = "1:03f8065e4f858e2f86993ed73e11d6d7a16bdbd26873802f965ccaddd7c3c186"
  name = "github.com/googleapis/gax-go"
  packages = ["."]
  pruneopts = ""
  revision = "de2cc08e690b99dd3f7d19937d80d3d54e04682f"

[[projects]]
  branch = "master"
  digest = "1:55e13c26c963ed33542ef1623c8a737ec166836f247d31502ff2a70e96df9684"
  name = "github.com/grpc-ecosystem/go-grpc-middleware"
  packages = ["."]
  pruneopts = ""
  revision = "f849b5445de4819127e123ca96ba0eeb62b5e479"

[[projects]]
  digest = "1:dc70bd0ecd18729cf0ecf8828045e185ce0b15084f1bbe250422ab65e6fcd79c"
  name = "github.com/grpc-ecosystem/grpc-gateway"
  packages = [
    "runtime",
    "runtime/internal",
    "utilities",
  ]
  pruneopts = ""
  revision = "aeab1d96e0f1368d243e2e5f526aa29d495517bb"
  version = "v1.5.1"

[[projects]]
  digest = "1:1a365b2460379933f71ff6f98707a7410b5c1e06e8ce73574e0614e2b6d5851d"
  name = "github.com/jinzhu/gorm"
  packages = [
    ".",
    "dialects/mysql",
  ]
  pruneopts = ""
  revision = "85774eb9dab486c4f0568df98fe5ad9ce7d4f75b"

[[projects]]
  branch = "master"
  digest = "1:d9a7385b84d8187fd94e0357045c6fa1147ca94caa56fdd539336c7c102fc728"
  name = "github.com/jinzhu/inflection"
  packages = ["."]
  pruneopts = ""
  revision = "04140366298a54a039076d798123ffa108fff46c"

[[projects]]
  branch = "master"
  digest = "1:a2b0dc9e1794127dbf2daac90f2545dccf4df6b28c405fa94e3a02766de06452"
  name = "github.com/jpillora/go-ogle-analytics"
  packages = ["."]
  pruneopts = ""
  revision = "14b04e0594ef6a9fd943363b135656f0ec8c9d0e"

[[projects]]
  digest = "1:b60a24f942c7031ece6c48bcab0b683c7d3d6aa9fd17e21459d9ae604da258fa"
  name = "github.com/kelseyhightower/envconfig"
  packages = ["."]
  pruneopts = ""
  revision = "f611eb38b3875cc3bd991ca91c51d06446afa14c"
  version = "v1.3.0"

[[projects]]
  branch = "master"
  digest = "1:b42619be865c05663ee7433066fe1efb0126f482cfe5723ced3178774201c818"
  name = "github.com/oinume/goenum"
  packages = ["."]
  pruneopts = ""
  revision = "4c1a12f41a936d82ec76c27f109b742d2d0f08e9"

[[projects]]
  branch = "master"
  digest = "1:6d881c2ff3fec8c82b391f8a22882f5c403210957953f1547498949d1165b1ae"
  name = "github.com/pkg/errors"
  packages = ["."]
  pruneopts = ""
  revision = "ffb6e22f01932bf7ac35e0bad9be11f01d1c8685"

[[projects]]
  digest = "1:1cbc6b98173422a756ae79e485952cb37a0a460c710541c75d3e9961c5a60782"
  name = "github.com/pkg/profile"
  packages = ["."]
  pruneopts = ""
  revision = "5b67d428864e92711fcbd2f8629456121a56d91f"
  version = "v1.2.1"

[[projects]]
  digest = "1:256484dbbcd271f9ecebc6795b2df8cad4c458dd0f5fd82a8c2fa0c29f233411"
  name = "github.com/pmezard/go-difflib"
  packages = ["difflib"]
  pruneopts = ""
  revision = "792786c7400a136282c1664665ae0a8db921c6c2"
  version = "v1.0.0"

[[projects]]
  branch = "master"
  digest = "1:3fa54d3651f33d906f8fd7d7f38515926dccbb04173db194090d361d8fa2dc4c"
  name = "github.com/rs/cors"
  packages = ["."]
  pruneopts = ""
  revision = "76f58f330d76a55c5badc74f6212e8a15e742c77"

[[projects]]
  branch = "master"
  digest = "1:64ecbdb82fdc817579d2cd43996d0d3f2c3e04dec429c7c0cef1e6427b1dc88c"
  name = "github.com/sclevine/agouti"
  packages = [
    ".",
    "api",
    "api/internal/bus",
    "api/internal/service",
    "internal/element",
    "internal/target",
  ]
  pruneopts = ""
  revision = "5e39ce136dd6bafe76094887339bed399ad23a9d"

[[projects]]
  digest = "1:f66a8bd3128df79a2648daea552403c5c66d841c7ae844d5d22b445afbdf0878"
  name = "github.com/sendgrid/rest"
  packages = ["."]
  pruneopts = ""
  revision = "306b9bef57dc36f3435ccfcc08fe6ae2c6920344"
  version = "v2.4.1"

[[projects]]
  digest = "1:f03d623f2a89d6a506655dc152c24f4d1eee449a8c335bfe229972bba4047fa5"
  name = "github.com/sendgrid/sendgrid-go"
  packages = [
    ".",
    "helpers/mail",
  ]
  pruneopts = ""
  revision = "8caf17aa96b4a98bae8bd216878dd50ff12897b5"
  version = "v3.4.1"

[[projects]]
  branch = "master"
  digest = "1:a7cd8604f0b92d5a43f723b6f13b6650cf2f6be5e40235a7c4f3cc5951f657bd"
  name = "github.com/stretchr/testify"
  packages = [
    "assert",
    "require",
  ]
  pruneopts = ""
  revision = "363ebb24d041ccea8068222281c2e963e997b9dc"

[[projects]]
  branch = "master"
  digest = "1:c1a59d347e35bbec217b25ec02910ec2206c7dcfaec30a97f5e0948cd3e931ab"
  name = "github.com/stvp/rollbar"
  packages = ["."]
  pruneopts = ""
  revision = "4a50daf855af93a350f2a6789101cd51955c88ca"

[[projects]]
  digest = "1:b1bb9332f6cb7821a730e1681819b2813340eba5e873f05381815a7c6807d172"
  name = "go.opencensus.io"
  packages = [
    ".",
    "exemplar",
    "internal",
    "internal/tagencoding",
    "plugin/ocgrpc",
    "plugin/ochttp",
    "plugin/ochttp/propagation/b3",
    "stats",
    "stats/internal",
    "stats/view",
    "tag",
    "trace",
    "trace/internal",
    "trace/propagation",
    "trace/tracestate",
  ]
  pruneopts = ""
  revision = "2b5032d79456124f42db6b7eb19ac6c155449dc2"
  version = "v0.19.0"

[[projects]]
  digest = "1:74f86c458e82e1c4efbab95233e0cf51b7cc02dc03193be9f62cd81224e10401"
  name = "go.uber.org/atomic"
  packages = ["."]
  pruneopts = ""
  revision = "1ea20fb1cbb1cc08cbd0d913a96dead89aa18289"
  version = "v1.3.2"

[[projects]]
  digest = "1:22c7effcb4da0eacb2bb1940ee173fac010e9ef3c691f5de4b524d538bd980f5"
  name = "go.uber.org/multierr"
  packages = ["."]
  pruneopts = ""
  revision = "3c4937480c32f4c13a875a1829af76c98ca3d40a"
  version = "v1.1.0"

[[projects]]
  digest = "1:246f378f80fba6fcf0f191c486b6613265abd2bc0f2fa55a36b928c67352021e"
  name = "go.uber.org/zap"
  packages = [
    ".",
    "buffer",
    "internal/bufferpool",
    "internal/color",
    "internal/exit",
    "zapcore",
  ]
  pruneopts = ""
  revision = "ff33455a0e382e8a81d14dd7c922020b6b5e7982"
  version = "v1.9.1"

[[projects]]
  branch = "master"
  digest = "1:cc8f744384531eb3f2c561f46133bb0864b40ce8485ced27caeac9cbc121303c"
  name = "goji.io"
  packages = [
    ".",
    "internal",
    "pat",
    "pattern",
  ]
  pruneopts = ""
  revision = "0eb45c4b63bfd2c78f70b22b0cfbc65f58b78e73"
  source = "github.com/goji/goji"

[[projects]]
  branch = "master"
  digest = "1:dda39369f6846cc2f8ca8611e7bdd81637835f790943caf9c7bc0c150edd483c"
  name = "golang.org/x/net"
  packages = [
    "context",
    "context/ctxhttp",
    "html",
    "html/atom",
    "http/httpguts",
    "http2",
    "http2/hpack",
    "idna",
    "internal/timeseries",
    "trace",
  ]
  pruneopts = ""
  revision = "4b62a64f59f73840b9ab79204c94fee61cd1ba2c"

[[projects]]
  digest = "1:dd57134ebff8e1a1a77c9f145a28cad8470da6bb9053d6ff2bc552ecd7f8bc92"
  name = "golang.org/x/oauth2"
  packages = [
    ".",
    "google",
    "internal",
    "jws",
    "jwt",
  ]
  pruneopts = ""
  revision = "543e37812f10c46c622c9575afd7ad22f22a12ba"

[[projects]]
  branch = "master"
  digest = "1:814474ab808c5e04b9334d046f8a0060fc1724c2c02acfd00a7cc0008d675455"
  name = "golang.org/x/sync"
  packages = ["errgroup"]
  pruneopts = ""
  revision = "37e7f081c4d4c64e13b10787722085407fe5d15f"

[[projects]]
  branch = "master"
  digest = "1:7e3b61f51ebcb58b3894928ed7c63aae68820dec1dd57166e5d6e65ef2868f40"
  name = "golang.org/x/sys"
  packages = ["unix"]
  pruneopts = ""
  revision = "b90733256f2e882e81d52f9126de08df5615afd9"

[[projects]]
  branch = "master"
  digest = "1:75e67ff69d0a449e66f5d5cdfec681ff46fc8882d008c844618bdfdefe08b6e6"
  name = "golang.org/x/text"
  packages = [
    "collate",
    "collate/build",
    "internal/colltab",
    "internal/gen",
    "internal/language",
    "internal/language/compact",
    "internal/tag",
    "internal/triegen",
    "internal/ucd",
    "language",
    "secure/bidirule",
    "transform",
    "unicode/bidi",
    "unicode/cldr",
    "unicode/norm",
    "unicode/rangetable",
    "width",
  ]
  pruneopts = ""
  revision = "e6919f6577db79269a6443b9dc46d18f2238fb5d"

[[projects]]
  digest = "1:1ef3746d0b0a2ab4147e9fe251202756ff89d181c3c3cc67abdf40e375243cbc"
  name = "google.golang.org/api"
  packages = [
    "gensupport",
    "googleapi",
    "googleapi/internal/uritemplates",
    "googleapi/transport",
    "internal",
    "iterator",
    "oauth2/v2",
    "option",
    "storage/v1",
    "transport/grpc",
    "transport/http",
    "transport/http/internal/propagation",
  ]
  pruneopts = ""
  revision = "19e022d8cf43ce81f046bae8cc18c5397cc7732f"
  version = "v0.1.0"

[[projects]]
  digest = "1:bc09e719c4e2a15d17163f5272d9a3131c45d77542b7fdc53ff518815bc19ab3"
  name = "google.golang.org/appengine"
  packages = [
    ".",
    "cloudsql",
    "internal",
    "internal/app_identity",
    "internal/base",
    "internal/datastore",
    "internal/log",
    "internal/modules",
    "internal/remote_api",
    "internal/socket",
    "internal/urlfetch",
    "socket",
    "urlfetch",
  ]
  pruneopts = ""
  revision = "e9657d882bb81064595ca3b56cbe2546bbabf7b1"
  version = "v1.4.0"

[[projects]]
  branch = "master"
  digest = "1:2255fee1df9431ec9c0a373a4e112a60b28ae435d7af57d69f4f2e2e86800cad"
  name = "google.golang.org/genproto"
  packages = [
    "googleapis/api/annotations",
    "googleapis/devtools/cloudprofiler/v2",
    "googleapis/iam/v1",
    "googleapis/rpc/code",
    "googleapis/rpc/errdetails",
    "googleapis/rpc/status",
    "protobuf/field_mask",
  ]
  pruneopts = ""
  revision = "8819c946db4494a2259bf100a377f51aa585d893"

[[projects]]
  digest = "1:39d4d828b87d58d114fdc211f0638f32dcae84019fe17d6b48f9b697f4b60213"
  name = "google.golang.org/grpc"
  packages = [
    ".",
    "balancer",
    "balancer/base",
    "balancer/roundrobin",
    "binarylog/grpc_binarylog_v1",
    "codes",
    "connectivity",
    "credentials",
    "credentials/internal",
    "credentials/oauth",
    "encoding",
    "encoding/proto",
    "grpclog",
    "internal",
    "internal/backoff",
    "internal/binarylog",
    "internal/channelz",
    "internal/envconfig",
    "internal/grpcrand",
    "internal/grpcsync",
    "internal/syscall",
    "internal/transport",
    "keepalive",
    "metadata",
    "naming",
    "peer",
    "reflection",
    "reflection/grpc_reflection_v1alpha",
    "resolver",
    "resolver/dns",
    "resolver/passthrough",
    "stats",
    "status",
    "tap",
  ]
  pruneopts = ""
  revision = "a02b0774206b209466313a0b525d2c738fe407eb"
  version = "v1.18.0"

[[projects]]
  branch = "v1"
  digest = "1:105ec809d993ab248d801e6daef5634115218dec8f77bcbc55f07a97d655ddad"
  name = "gopkg.in/bsm/ratelimit.v1"
  packages = ["."]
  pruneopts = ""
  revision = "db14e161995a5177acef654cb0dd785e8ee8bc22"

[[projects]]
  digest = "1:f9a9bb58b27994070ea31917f116258ab9d9952bfc496c065be9b65a8c9ef0f5"
  name = "gopkg.in/redis.v4"
  packages = [
    ".",
    "internal",
    "internal/consistenthash",
    "internal/errors",
    "internal/hashtag",
    "internal/pool",
    "internal/proto",
  ]
  pruneopts = ""
  revision = "c938162545c57136fa59879746bc65d0f1db3d1e"
  source = "github.com/go-redis/redis"
  version = "v4.2.4"

[[projects]]
  branch = "v2"
  digest = "1:21f5511167aada76c65441239db971d6c1369f6e0ba7d54443d8a810db960c27"
  name = "gopkg.in/xmlpath.v2"
  packages = ["."]
  pruneopts = ""
  revision = "860cbeca3ebcc600db0b213c0e83ad6ce91f5739"
  source = "github.com/go-xmlpath/xmlpath"

[solve-meta]
  analyzer-name = "dep"
  analyzer-version = 1
  input-imports = [
    "cloud.google.com/go/profiler",
    "cloud.google.com/go/storage",
    "github.com/Songmu/retry",
    "github.com/fukata/golang-stats-api-handler",
    "github.com/go-sql-driver/mysql",
    "github.com/golang/protobuf/proto",
    "github.com/google/uuid",
    "github.com/grpc-ecosystem/go-grpc-middleware",
    "github.com/grpc-ecosystem/grpc-gateway/runtime",
    "github.com/grpc-ecosystem/grpc-gateway/utilities",
    "github.com/jinzhu/gorm",
    "github.com/jinzhu/gorm/dialects/mysql",
    "github.com/jpillora/go-ogle-analytics",
    "github.com/kelseyhightower/envconfig",
    "github.com/oinume/goenum",
    "github.com/pkg/errors",
    "github.com/pkg/profile",
    "github.com/rs/cors",
    "github.com/sclevine/agouti",
    "github.com/sendgrid/rest",
    "github.com/sendgrid/sendgrid-go",
    "github.com/sendgrid/sendgrid-go/helpers/mail",
    "github.com/stretchr/testify/assert",
    "github.com/stretchr/testify/require",
    "github.com/stvp/rollbar",
    "go.uber.org/zap",
    "go.uber.org/zap/zapcore",
    "goji.io",
    "goji.io/pat",
    "golang.org/x/net/context",
    "golang.org/x/oauth2",
    "golang.org/x/oauth2/google",
    "golang.org/x/sync/errgroup",
    "golang.org/x/text/width",
    "google.golang.org/api/oauth2/v2",
    "google.golang.org/api/option",
    "google.golang.org/genproto/googleapis/api/annotations",
    "google.golang.org/grpc",
    "google.golang.org/grpc/codes",
    "google.golang.org/grpc/grpclog",
    "google.golang.org/grpc/metadata",
    "google.golang.org/grpc/reflection",
    "google.golang.org/grpc/status",
    "gopkg.in/redis.v4",
    "gopkg.in/xmlpath.v2",
  ]
  solver-name = "gps-cdcl"
  solver-version = 1
